// !$*UTF8*$!
{
	archiveVersion = 1;
	classes = {
	};
	objectVersion = 50;
	objects = {

/* Begin PBXBuildFile section */
		847EEDE121283EF9009E17EF /* itemToDo.swift in Sources */ = {isa = PBXBuildFile; fileRef = 847EEDE021283EF9009E17EF /* itemToDo.swift */; };
		8483293D212496C000D25428 /* AppDelegate.swift in Sources */ = {isa = PBXBuildFile; fileRef = 8483293C212496C000D25428 /* AppDelegate.swift */; };
		8483293F212496C000D25428 /* MainScreen.swift in Sources */ = {isa = PBXBuildFile; fileRef = 8483293E212496C000D25428 /* MainScreen.swift */; };
		84832942212496C000D25428 /* Main.storyboard in Resources */ = {isa = PBXBuildFile; fileRef = 84832940212496C000D25428 /* Main.storyboard */; };
		84832944212496DD00D25428 /* Assets.xcassets in Resources */ = {isa = PBXBuildFile; fileRef = 84832943212496DD00D25428 /* Assets.xcassets */; };
		84832947212496DD00D25428 /* LaunchScreen.storyboard in Resources */ = {isa = PBXBuildFile; fileRef = 84832945212496DD00D25428 /* LaunchScreen.storyboard */; };
/* End PBXBuildFile section */

/* Begin PBXFileReference section */
		847EEDE021283EF9009E17EF /* itemToDo.swift */ = {isa = PBXFileReference; lastKnownFileType = sourcecode.swift; path = itemToDo.swift; sourceTree = "<group>"; };
		84832939212496C000D25428 /* ToDoDoTo.app */ = {isa = PBXFileReference; explicitFileType = wrapper.application; includeInIndex = 0; path = ToDoDoTo.app; sourceTree = BUILT_PRODUCTS_DIR; };
		8483293C212496C000D25428 /* AppDelegate.swift */ = {isa = PBXFileReference; lastKnownFileType = sourcecode.swift; path = AppDelegate.swift; sourceTree = "<group>"; };
		8483293E212496C000D25428 /* MainScreen.swift */ = {isa = PBXFileReference; lastKnownFileType = sourcecode.swift; path = MainScreen.swift; sourceTree = "<group>"; };
		84832941212496C000D25428 /* Base */ = {isa = PBXFileReference; lastKnownFileType = file.storyboard; name = Base; path = Base.lproj/Main.storyboard; sourceTree = "<group>"; };
		84832943212496DD00D25428 /* Assets.xcassets */ = {isa = PBXFileReference; lastKnownFileType = folder.assetcatalog; path = Assets.xcassets; sourceTree = "<group>"; };
		84832946212496DD00D25428 /* Base */ = {isa = PBXFileReference; lastKnownFileType = file.storyboard; name = Base; path = Base.lproj/LaunchScreen.storyboard; sourceTree = "<group>"; };
		84832948212496DD00D25428 /* Info.plist */ = {isa = PBXFileReference; lastKnownFileType = text.plist.xml; path = Info.plist; sourceTree = "<group>"; };
/* End PBXFileReference section */

/* Begin PBXFrameworksBuildPhase section */
		84832936212496C000D25428 /* Frameworks */ = {
			isa = PBXFrameworksBuildPhase;
			buildActionMask = 2147483647;
			files = (
			);
			runOnlyForDeploymentPostprocessing = 0;
		};
/* End PBXFrameworksBuildPhase section */

/* Begin PBXGroup section */
		847EEDE221283F3A009E17EF /* Model */ = {
			isa = PBXGroup;
			children = (
				847EEDE021283EF9009E17EF /* itemToDo.swift */,
			);
			path = Model;
			sourceTree = "<group>";
		};
		847EEDE321283F86009E17EF /* Controller */ = {
			isa = PBXGroup;
			children = (
				8483293E212496C000D25428 /* MainScreen.swift */,
			);
			path = Controller;
			sourceTree = "<group>";
		};
		847EEDE421283F8E009E17EF /* Views */ = {
			isa = PBXGroup;
			children = (
				84832940212496C000D25428 /* Main.storyboard */,
			);
			path = Views;
			sourceTree = "<group>";
		};
		847EEDE521283FA6009E17EF /* Supporting files */ = {
			isa = PBXGroup;
			children = (
				84832943212496DD00D25428 /* Assets.xcassets */,
				84832945212496DD00D25428 /* LaunchScreen.storyboard */,
			);
			path = "Supporting files";
			sourceTree = "<group>";
		};
		84832930212496C000D25428 = {
			isa = PBXGroup;
			children = (
				8483293B212496C000D25428 /* ToDoDoTo */,
				8483293A212496C000D25428 /* Products */,
			);
			sourceTree = "<group>";
		};
		8483293A212496C000D25428 /* Products */ = {
			isa = PBXGroup;
			children = (
				84832939212496C000D25428 /* ToDoDoTo.app */,
			);
			name = Products;
			sourceTree = "<group>";
		};
		8483293B212496C000D25428 /* ToDoDoTo */ = {
			isa = PBXGroup;
			children = (
				847EEDE421283F8E009E17EF /* Views */,
				847EEDE321283F86009E17EF /* Controller */,
				847EEDE221283F3A009E17EF /* Model */,
				8483293C212496C000D25428 /* AppDelegate.swift */,
				847EEDE521283FA6009E17EF /* Supporting files */,
				84832948212496DD00D25428 /* Info.plist */,
			);
			path = ToDoDoTo;
			sourceTree = "<group>";
		};
/* End PBXGroup section */

/* Begin PBXNativeTarget section */
		84832938212496C000D25428 /* ToDoDoTo */ = {
			isa = PBXNativeTarget;
			buildConfigurationList = 8483294B212496DD00D25428 /* Build configuration list for PBXNativeTarget "ToDoDoTo" */;
			buildPhases = (
				84832935212496C000D25428 /* Sources */,
				84832936212496C000D25428 /* Frameworks */,
				84832937212496C000D25428 /* Resources */,
			);
			buildRules = (
			);
			dependencies = (
			);
			name = ToDoDoTo;
			productName = ToDoDoTo;
			productReference = 84832939212496C000D25428 /* ToDoDoTo.app */;
			productType = "com.apple.product-type.application";
		};
/* End PBXNativeTarget section */

/* Begin PBXProject section */
		84832931212496C000D25428 /* Project object */ = {
			isa = PBXProject;
			attributes = {
				LastSwiftUpdateCheck = 0940;
				LastUpgradeCheck = 0940;
				ORGANIZATIONNAME = MaximMasov;
				TargetAttributes = {
					84832938212496C000D25428 = {
						CreatedOnToolsVersion = 9.4.1;
					};
				};
			};
			buildConfigurationList = 84832934212496C000D25428 /* Build configuration list for PBXProject "ToDoDoTo" */;
			compatibilityVersion = "Xcode 9.3";
			developmentRegion = en;
			hasScannedForEncodings = 0;
			knownRegions = (
				en,
				Base,
			);
			mainGroup = 84832930212496C000D25428;
			productRefGroup = 8483293A212496C000D25428 /* Products */;
			projectDirPath = "";
			projectRoot = "";
			targets = (
				84832938212496C000D25428 /* ToDoDoTo */,
			);
		};
/* End PBXProject section */

/* Begin PBXResourcesBuildPhase section */
		84832937212496C000D25428 /* Resources */ = {
			isa = PBXResourcesBuildPhase;
			buildActionMask = 2147483647;
			files = (
				84832947212496DD00D25428 /* LaunchScreen.storyboard in Resources */,
				84832944212496DD00D25428 /* Assets.xcassets in Resources */,
				84832942212496C000D25428 /* Main.storyboard in Resources */,
			);
			runOnlyForDeploymentPostprocessing = 0;
		};
/* End PBXResourcesBuildPhase section */

/* Begin PBXSourcesBuildPhase section */
		84832935212496C000D25428 /* Sources */ = {
			isa = PBXSourcesBuildPhase;
			buildActionMask = 2147483647;
			files = (
				847EEDE121283EF9009E17EF /* itemToDo.swift in Sources */,
				8483293F212496C000D25428 /* MainScreen.swift in Sources */,
				8483293D212496C000D25428 /* AppDelegate.swift in Sources */,
			);
			runOnlyForDeploymentPostprocessing = 0;
		};
/* End PBXSourcesBuildPhase section */

/* Begin PBXVariantGroup section */
		84832940212496C000D25428 /* Main.storyboard */ = {
			isa = PBXVariantGroup;
			children = (
				84832941212496C000D25428 /* Base */,
			);
			name = Main.storyboard;
			sourceTree = "<group>";
		};
		84832945212496DD00D25428 /* LaunchScreen.storyboard */ = {
			isa = PBXVariantGroup;
			children = (
				84832946212496DD00D25428 /* Base */,
			);
			name = LaunchScreen.storyboard;
			sourceTree = "<group>";
		};
/* End PBXVariantGroup section */

/* Begin XCBuildConfiguration section */
		84832949212496DD00D25428 /* Debug */ = {
			isa = XCBuildConfiguration;
			buildSettings = {
				ALWAYS_SEARCH_USER_PATHS = NO;
				CLANG_ANALYZER_NONNULL = YES;
				CLANG_ANALYZER_NUMBER_OBJECT_CONVERSION = YES_AGGRESSIVE;
				CLANG_CXX_LANGUAGE_STANDARD = "gnu++14";
				CLANG_CXX_LIBRARY = "libc++";
				CLANG_ENABLE_MODULES = YES;
				CLANG_ENABLE_OBJC_ARC = YES;
				CLANG_ENABLE_OBJC_WEAK = YES;
				CLANG_WARN_BLOCK_CAPTURE_AUTORELEASING = YES;
				CLANG_WARN_BOOL_CONVERSION = YES;
				CLANG_WARN_COMMA = YES;
				CLANG_WARN_CONSTANT_CONVERSION = YES;
				CLANG_WARN_DEPRECATED_OBJC_IMPLEMENTATIONS = YES;
				CLANG_WARN_DIRECT_OBJC_ISA_USAGE = YES_ERROR;
				CLANG_WARN_DOCUMENTATION_COMMENTS = YES;
				CLANG_WARN_EMPTY_BODY = YES;
				CLANG_WARN_ENUM_CONVERSION = YES;
				CLANG_WARN_INFINITE_RECURSION = YES;
				CLANG_WARN_INT_CONVERSION = YES;
				CLANG_WARN_NON_LITERAL_NULL_CONVERSION = YES;
				CLANG_WARN_OBJC_IMPLICIT_RETAIN_SELF = YES;
				CLANG_WARN_OBJC_LITERAL_CONVERSION = YES;
				CLANG_WARN_OBJC_ROOT_CLASS = YES_ERROR;
				CLANG_WARN_RANGE_LOOP_ANALYSIS = YES;
				CLANG_WARN_STRICT_PROTOTYPES = YES;
				CLANG_WARN_SUSPICIOUS_MOVE = YES;
				CLANG_WARN_UNGUARDED_AVAILABILITY = YES_AGGRESSIVE;
				CLANG_WARN_UNREACHABLE_CODE = YES;
				CLANG_WARN__DUPLICATE_METHOD_MATCH = YES;
				CODE_SIGN_IDENTITY = "iPhone Developer";
				COPY_PHASE_STRIP = NO;
				DEBUG_INFORMATION_FORMAT = dwarf;
				ENABLE_STRICT_OBJC_MSGSEND = YES;
				ENABLE_TESTABILITY = YES;
				GCC_C_LANGUAGE_STANDARD = gnu11;
				GCC_DYNAMIC_NO_PIC = NO;
				GCC_NO_COMMON_BLOCKS = YES;
				GCC_OPTIMIZATION_LEVEL = 0;
				GCC_PREPROCESSOR_DEFINITIONS = (
					"DEBUG=1",
					"$(inherited)",
				);
				GCC_WARN_64_TO_32_BIT_CONVERSION = YES;
				GCC_WARN_ABOUT_RETURN_TYPE = YES_ERROR;
				GCC_WARN_UNDECLARED_SELECTOR = YES;
				GCC_WARN_UNINITIALIZED_AUTOS = YES_AGGRESSIVE;
				GCC_WARN_UNUSED_FUNCTION = YES;
				GCC_WARN_UNUSED_VARIABLE = YES;
				IPHONEOS_DEPLOYMENT_TARGET = 11.4;
				MTL_ENABLE_DEBUG_INFO = YES;
				ONLY_ACTIVE_ARCH = YES;
				SDKROOT = iphoneos;
				SWIFT_ACTIVE_COMPILATION_CONDITIONS = DEBUG;
				SWIFT_OPTIMIZATION_LEVEL = "-Onone";
			};
			name = Debug;
		};
		8483294A212496DD00D25428 /* Release */ = {
			isa = XCBuildConfiguration;
			buildSettings = {
				ALWAYS_SEARCH_USER_PATHS = NO;
				CLANG_ANALYZER_NONNULL = YES;
				CLANG_ANALYZER_NUMBER_OBJECT_CONVERSION = YES_AGGRESSIVE;
				CLANG_CXX_LANGUAGE_STANDARD = "gnu++14";
				CLANG_CXX_LIBRARY = "libc++";
				CLANG_ENABLE_MODULES = YES;
				CLANG_ENABLE_OBJC_ARC = YES;
				CLANG_ENABLE_OBJC_WEAK = YES;
				CLANG_WARN_BLOCK_CAPTURE_AUTORELEASING = YES;
				CLANG_WARN_BOOL_CONVERSION = YES;
				CLANG_WARN_COMMA = YES;
				CLANG_WARN_CONSTANT_CONVERSION = YES;
				CLANG_WARN_DEPRECATED_OBJC_IMPLEMENTATIONS = YES;
				CLANG_WARN_DIRECT_OBJC_ISA_USAGE = YES_ERROR;
				CLANG_WARN_DOCUMENTATION_COMMENTS = YES;
				CLANG_WARN_EMPTY_BODY = YES;
				CLANG_WARN_ENUM_CONVERSION = YES;
				CLANG_WARN_INFINITE_RECURSION = YES;
				CLANG_WARN_INT_CONVERSION = YES;
				CLANG_WARN_NON_LITERAL_NULL_CONVERSION = YES;
				CLANG_WARN_OBJC_IMPLICIT_RETAIN_SELF = YES;
				CLANG_WARN_OBJC_LITERAL_CONVERSION = YES;
				CLANG_WARN_OBJC_ROOT_CLASS = YES_ERROR;
				CLANG_WARN_RANGE_LOOP_ANALYSIS = YES;
				CLANG_WARN_STRICT_PROTOTYPES = YES;
				CLANG_WARN_SUSPICIOUS_MOVE = YES;
				CLANG_WARN_UNGUARDED_AVAILABILITY = YES_AGGRESSIVE;
				CLANG_WARN_UNREACHABLE_CODE = YES;
				CLANG_WARN__DUPLICATE_METHOD_MATCH = YES;
				CODE_SIGN_IDENTITY = "iPhone Developer";
				COPY_PHASE_STRIP = NO;
				DEBUG_INFORMATION_FORMAT = "dwarf-with-dsym";
				ENABLE_NS_ASSERTIONS = NO;
				ENABLE_STRICT_OBJC_MSGSEND = YES;
				GCC_C_LANGUAGE_STANDARD = gnu11;
				GCC_NO_COMMON_BLOCKS = YES;
				GCC_WARN_64_TO_32_BIT_CONVERSION = YES;
				GCC_WARN_ABOUT_RETURN_TYPE = YES_ERROR;
				GCC_WARN_UNDECLARED_SELECTOR = YES;
				GCC_WARN_UNINITIALIZED_AUTOS = YES_AGGRESSIVE;
				GCC_WARN_UNUSED_FUNCTION = YES;
				GCC_WARN_UNUSED_VARIABLE = YES;
				IPHONEOS_DEPLOYMENT_TARGET = 11.4;
				MTL_ENABLE_DEBUG_INFO = NO;
				SDKROOT = iphoneos;
				SWIFT_COMPILATION_MODE = wholemodule;
				SWIFT_OPTIMIZATION_LEVEL = "-O";
				VALIDATE_PRODUCT = YES;
			};
			name = Release;
		};
		8483294C212496DD00D25428 /* Debug */ = {
			isa = XCBuildConfiguration;
			buildSettings = {
				ASSETCATALOG_COMPILER_APPICON_NAME = AppIcon;
				CODE_SIGN_STYLE = Automatic;
				DEVELOPMENT_TEAM = PTSBY5LNST;
				INFOPLIST_FILE = ToDoDoTo/Info.plist;
				LD_RUNPATH_SEARCH_PATHS = (
					"$(inherited)",
					"@executable_path/Frameworks",
				);
				PRODUCT_BUNDLE_IDENTIFIER = MMC.ToDoDoTo;
				PRODUCT_NAME = "$(TARGET_NAME)";
				SWIFT_VERSION = 4.0;
				TARGETED_DEVICE_FAMILY = "1,2";
			};
			name = Debug;
		};
		8483294D212496DD00D25428 /* Release */ = {
			isa = XCBuildConfiguration;
			buildSettings = {
				ASSETCATALOG_COMPILER_APPICON_NAME = AppIcon;
				CODE_SIGN_STYLE = Automatic;
				DEVELOPMENT_TEAM = PTSBY5LNST;
				INFOPLIST_FILE = ToDoDoTo/Info.plist;
				LD_RUNPATH_SEARCH_PATHS = (
					"$(inherited)",
					"@executable_path/Frameworks",
				);
				PRODUCT_BUNDLE_IDENTIFIER = MMC.ToDoDoTo;
				PRODUCT_NAME = "$(TARGET_NAME)";
				SWIFT_VERSION = 4.0;
				TARGETED_DEVICE_FAMILY = "1,2";
			};
			name = Release;
		};
/* End XCBuildConfiguration section */

/* Begin XCConfigurationList section */
		84832934212496C000D25428 /* Build configuration list for PBXProject "ToDoDoTo" */ = {
			isa = XCConfigurationList;
			buildConfigurations = (
				84832949212496DD00D25428 /* Debug */,
				8483294A212496DD00D25428 /* Release */,
			);
			defaultConfigurationIsVisible = 0;
			defaultConfigurationName = Release;
		};
		8483294B212496DD00D25428 /* Build configuration list for PBXNativeTarget "ToDoDoTo" */ = {
			isa = XCConfigurationList;
			buildConfigurations = (
				8483294C212496DD00D25428 /* Debug */,
				8483294D212496DD00D25428 /* Release */,
			);
			defaultConfigurationIsVisible = 0;
			defaultConfigurationName = Release;
		};
/* End XCConfigurationList section */
	};
	rootObject = 84832931212496C000D25428 /* Project object */;
}
